// !$*UTF8*$!
{
	archiveVersion = 1;
	classes = {
	};
	objectVersion = 56;
	objects = {

/* Begin PBXBuildFile section */
		CE12B7D92BC5C1FD009964F3 /* RecipeListView.swift in Sources */ = {isa = PBXBuildFile; fileRef = CE12B7D82BC5C1FD009964F3 /* RecipeListView.swift */; };
		CE5C4A7E2BC4CBAA00791F7B /* RecipeMeApp.swift in Sources */ = {isa = PBXBuildFile; fileRef = CE5C4A7D2BC4CBAA00791F7B /* RecipeMeApp.swift */; };
		CE5C4A822BC4CBAE00791F7B /* Assets.xcassets in Resources */ = {isa = PBXBuildFile; fileRef = CE5C4A812BC4CBAE00791F7B /* Assets.xcassets */; };
		CE5C4A852BC4CBAE00791F7B /* Preview Assets.xcassets in Resources */ = {isa = PBXBuildFile; fileRef = CE5C4A842BC4CBAE00791F7B /* Preview Assets.xcassets */; };
		CE5C4A8C2BC4D43300791F7B /* Recipe.swift in Sources */ = {isa = PBXBuildFile; fileRef = CE5C4A8B2BC4D43300791F7B /* Recipe.swift */; };
		CE5CDBFF2BC5F49E00186930 /* RecipeData.swift in Sources */ = {isa = PBXBuildFile; fileRef = CE5CDBFE2BC5F49E00186930 /* RecipeData.swift */; };
		CE5CDC012BC6047000186930 /* RecipeDetailView.swift in Sources */ = {isa = PBXBuildFile; fileRef = CE5CDC002BC6046F00186930 /* RecipeDetailView.swift */; };
		CE5CDC052BC6172000186930 /* AppColor.swift in Sources */ = {isa = PBXBuildFile; fileRef = CE5CDC042BC6172000186930 /* AppColor.swift */; };
		CE5CDC072BC64F3100186930 /* RecipeCategoryGridView.swift in Sources */ = {isa = PBXBuildFile; fileRef = CE5CDC062BC64F3100186930 /* RecipeCategoryGridView.swift */; };
		CEC475F62BC8400A00D621E6 /* ModifyComponentsView.swift in Sources */ = {isa = PBXBuildFile; fileRef = CEC475F52BC8400A00D621E6 /* ModifyComponentsView.swift */; };
		CEC475F82BC894D700D621E6 /* ModifyDirectionView.swift in Sources */ = {isa = PBXBuildFile; fileRef = CEC475F72BC894D700D621E6 /* ModifyDirectionView.swift */; };
		CEC475FA2BC894E600D621E6 /* ModifyIngredientView.swift in Sources */ = {isa = PBXBuildFile; fileRef = CEC475F92BC894E600D621E6 /* ModifyIngredientView.swift */; };
		CEC475FC2BC894F300D621E6 /* ModifyMainInformationView.swift in Sources */ = {isa = PBXBuildFile; fileRef = CEC475FB2BC894F300D621E6 /* ModifyMainInformationView.swift */; };
		CEC475FE2BC8EC7100D621E6 /* MainTabView.swift in Sources */ = {isa = PBXBuildFile; fileRef = CEC475FD2BC8EC7100D621E6 /* MainTabView.swift */; };
		CEF088462BC772570020E75C /* ModifyRecipeView.swift in Sources */ = {isa = PBXBuildFile; fileRef = CEF088452BC772570020E75C /* ModifyRecipeView.swift */; };
/* End PBXBuildFile section */

/* Begin PBXFileReference section */
		CE12B7D82BC5C1FD009964F3 /* RecipeListView.swift */ = {isa = PBXFileReference; lastKnownFileType = sourcecode.swift; path = RecipeListView.swift; sourceTree = "<group>"; };
		CE5C4A7A2BC4CBAA00791F7B /* RecipeMe.app */ = {isa = PBXFileReference; explicitFileType = wrapper.application; includeInIndex = 0; path = RecipeMe.app; sourceTree = BUILT_PRODUCTS_DIR; };
		CE5C4A7D2BC4CBAA00791F7B /* RecipeMeApp.swift */ = {isa = PBXFileReference; lastKnownFileType = sourcecode.swift; path = RecipeMeApp.swift; sourceTree = "<group>"; };
		CE5C4A812BC4CBAE00791F7B /* Assets.xcassets */ = {isa = PBXFileReference; lastKnownFileType = folder.assetcatalog; path = Assets.xcassets; sourceTree = "<group>"; };
		CE5C4A842BC4CBAE00791F7B /* Preview Assets.xcassets */ = {isa = PBXFileReference; lastKnownFileType = folder.assetcatalog; path = "Preview Assets.xcassets"; sourceTree = "<group>"; };
		CE5C4A8B2BC4D43300791F7B /* Recipe.swift */ = {isa = PBXFileReference; lastKnownFileType = sourcecode.swift; path = Recipe.swift; sourceTree = "<group>"; };
		CE5CDBFE2BC5F49E00186930 /* RecipeData.swift */ = {isa = PBXFileReference; lastKnownFileType = sourcecode.swift; path = RecipeData.swift; sourceTree = "<group>"; };
		CE5CDC002BC6046F00186930 /* RecipeDetailView.swift */ = {isa = PBXFileReference; lastKnownFileType = sourcecode.swift; path = RecipeDetailView.swift; sourceTree = "<group>"; };
		CE5CDC042BC6172000186930 /* AppColor.swift */ = {isa = PBXFileReference; lastKnownFileType = sourcecode.swift; path = AppColor.swift; sourceTree = "<group>"; };
		CE5CDC062BC64F3100186930 /* RecipeCategoryGridView.swift */ = {isa = PBXFileReference; lastKnownFileType = sourcecode.swift; path = RecipeCategoryGridView.swift; sourceTree = "<group>"; };
		CEC475F52BC8400A00D621E6 /* ModifyComponentsView.swift */ = {isa = PBXFileReference; lastKnownFileType = sourcecode.swift; path = ModifyComponentsView.swift; sourceTree = "<group>"; };
		CEC475F72BC894D700D621E6 /* ModifyDirectionView.swift */ = {isa = PBXFileReference; lastKnownFileType = sourcecode.swift; path = ModifyDirectionView.swift; sourceTree = "<group>"; };
		CEC475F92BC894E600D621E6 /* ModifyIngredientView.swift */ = {isa = PBXFileReference; lastKnownFileType = sourcecode.swift; path = ModifyIngredientView.swift; sourceTree = "<group>"; };
		CEC475FB2BC894F300D621E6 /* ModifyMainInformationView.swift */ = {isa = PBXFileReference; lastKnownFileType = sourcecode.swift; path = ModifyMainInformationView.swift; sourceTree = "<group>"; };
		CEC475FD2BC8EC7100D621E6 /* MainTabView.swift */ = {isa = PBXFileReference; lastKnownFileType = sourcecode.swift; path = MainTabView.swift; sourceTree = "<group>"; };
		CEF088452BC772570020E75C /* ModifyRecipeView.swift */ = {isa = PBXFileReference; lastKnownFileType = sourcecode.swift; path = ModifyRecipeView.swift; sourceTree = "<group>"; };
/* End PBXFileReference section */

/* Begin PBXFrameworksBuildPhase section */
		CE5C4A772BC4CBAA00791F7B /* Frameworks */ = {
			isa = PBXFrameworksBuildPhase;
			buildActionMask = 2147483647;
			files = (
			);
			runOnlyForDeploymentPostprocessing = 0;
		};
/* End PBXFrameworksBuildPhase section */

/* Begin PBXGroup section */
		CE5C4A712BC4CBAA00791F7B = {
			isa = PBXGroup;
			children = (
				CE5C4A7C2BC4CBAA00791F7B /* RecipeMe */,
				CE5C4A7B2BC4CBAA00791F7B /* Products */,
			);
			sourceTree = "<group>";
		};
		CE5C4A7B2BC4CBAA00791F7B /* Products */ = {
			isa = PBXGroup;
			children = (
				CE5C4A7A2BC4CBAA00791F7B /* RecipeMe.app */,
			);
			name = Products;
			sourceTree = "<group>";
		};
		CE5C4A7C2BC4CBAA00791F7B /* RecipeMe */ = {
			isa = PBXGroup;
			children = (
				CEB23EC32BC5C03D0063DE67 /* Model */,
				CEB23EC22BC5C0370063DE67 /* View */,
				CEB23EC12BC5C0290063DE67 /* ViewModel */,
				CE5C4A7D2BC4CBAA00791F7B /* RecipeMeApp.swift */,
				CE5C4A812BC4CBAE00791F7B /* Assets.xcassets */,
				CE5C4A832BC4CBAE00791F7B /* Preview Content */,
			);
			path = RecipeMe;
			sourceTree = "<group>";
		};
		CE5C4A832BC4CBAE00791F7B /* Preview Content */ = {
			isa = PBXGroup;
			children = (
				CE5C4A842BC4CBAE00791F7B /* Preview Assets.xcassets */,
			);
			path = "Preview Content";
			sourceTree = "<group>";
		};
		CEB23EC12BC5C0290063DE67 /* ViewModel */ = {
			isa = PBXGroup;
			children = (
				CE5CDBFE2BC5F49E00186930 /* RecipeData.swift */,
				CE5CDC042BC6172000186930 /* AppColor.swift */,
			);
			path = ViewModel;
			sourceTree = "<group>";
		};
		CEB23EC22BC5C0370063DE67 /* View */ = {
			isa = PBXGroup;
			children = (
				CEF088442BC772230020E75C /* ModifyRecipes */,
				CEF088432BC771DB0020E75C /* ExploreRecipes */,
				CEC475FD2BC8EC7100D621E6 /* MainTabView.swift */,
			);
			path = View;
			sourceTree = "<group>";
		};
		CEB23EC32BC5C03D0063DE67 /* Model */ = {
			isa = PBXGroup;
			children = (
				CE5C4A8B2BC4D43300791F7B /* Recipe.swift */,
			);
			path = Model;
			sourceTree = "<group>";
		};
		CEF088432BC771DB0020E75C /* ExploreRecipes */ = {
			isa = PBXGroup;
			children = (
				CE12B7D82BC5C1FD009964F3 /* RecipeListView.swift */,
				CE5CDC002BC6046F00186930 /* RecipeDetailView.swift */,
				CE5CDC062BC64F3100186930 /* RecipeCategoryGridView.swift */,
			);
			path = ExploreRecipes;
			sourceTree = "<group>";
		};
		CEF088442BC772230020E75C /* ModifyRecipes */ = {
			isa = PBXGroup;
			children = (
				CEF088452BC772570020E75C /* ModifyRecipeView.swift */,
				CEC475F52BC8400A00D621E6 /* ModifyComponentsView.swift */,
				CEC475F72BC894D700D621E6 /* ModifyDirectionView.swift */,
				CEC475F92BC894E600D621E6 /* ModifyIngredientView.swift */,
				CEC475FB2BC894F300D621E6 /* ModifyMainInformationView.swift */,
			);
			path = ModifyRecipes;
			sourceTree = "<group>";
		};
/* End PBXGroup section */

/* Begin PBXNativeTarget section */
		CE5C4A792BC4CBAA00791F7B /* RecipeMe */ = {
			isa = PBXNativeTarget;
			buildConfigurationList = CE5C4A882BC4CBAE00791F7B /* Build configuration list for PBXNativeTarget "RecipeMe" */;
			buildPhases = (
				CE5C4A762BC4CBAA00791F7B /* Sources */,
				CE5C4A772BC4CBAA00791F7B /* Frameworks */,
				CE5C4A782BC4CBAA00791F7B /* Resources */,
			);
			buildRules = (
			);
			dependencies = (
			);
			name = RecipeMe;
			productName = RecipeMe;
			productReference = CE5C4A7A2BC4CBAA00791F7B /* RecipeMe.app */;
			productType = "com.apple.product-type.application";
		};
/* End PBXNativeTarget section */

/* Begin PBXProject section */
		CE5C4A722BC4CBAA00791F7B /* Project object */ = {
			isa = PBXProject;
			attributes = {
				BuildIndependentTargetsInParallel = 1;
				LastSwiftUpdateCheck = 1420;
				LastUpgradeCheck = 1420;
				TargetAttributes = {
					CE5C4A792BC4CBAA00791F7B = {
						CreatedOnToolsVersion = 14.2;
					};
				};
			};
			buildConfigurationList = CE5C4A752BC4CBAA00791F7B /* Build configuration list for PBXProject "RecipeMe" */;
			compatibilityVersion = "Xcode 14.0";
			developmentRegion = en;
			hasScannedForEncodings = 0;
			knownRegions = (
				en,
				Base,
			);
			mainGroup = CE5C4A712BC4CBAA00791F7B;
			productRefGroup = CE5C4A7B2BC4CBAA00791F7B /* Products */;
			projectDirPath = "";
			projectRoot = "";
			targets = (
				CE5C4A792BC4CBAA00791F7B /* RecipeMe */,
			);
		};
/* End PBXProject section */

/* Begin PBXResourcesBuildPhase section */
		CE5C4A782BC4CBAA00791F7B /* Resources */ = {
			isa = PBXResourcesBuildPhase;
			buildActionMask = 2147483647;
			files = (
				CE5C4A852BC4CBAE00791F7B /* Preview Assets.xcassets in Resources */,
				CE5C4A822BC4CBAE00791F7B /* Assets.xcassets in Resources */,
			);
			runOnlyForDeploymentPostprocessing = 0;
		};
/* End PBXResourcesBuildPhase section */

/* Begin PBXSourcesBuildPhase section */
		CE5C4A762BC4CBAA00791F7B /* Sources */ = {
			isa = PBXSourcesBuildPhase;
			buildActionMask = 2147483647;
			files = (
				CE12B7D92BC5C1FD009964F3 /* RecipeListView.swift in Sources */,
				CE5CDC012BC6047000186930 /* RecipeDetailView.swift in Sources */,
				CEC475F62BC8400A00D621E6 /* ModifyComponentsView.swift in Sources */,
				CE5CDC072BC64F3100186930 /* RecipeCategoryGridView.swift in Sources */,
				CEC475FC2BC894F300D621E6 /* ModifyMainInformationView.swift in Sources */,
				CEC475F82BC894D700D621E6 /* ModifyDirectionView.swift in Sources */,
				CE5CDBFF2BC5F49E00186930 /* RecipeData.swift in Sources */,
				CEC475FE2BC8EC7100D621E6 /* MainTabView.swift in Sources */,
				CEC475FA2BC894E600D621E6 /* ModifyIngredientView.swift in Sources */,
				CEF088462BC772570020E75C /* ModifyRecipeView.swift in Sources */,
				CE5C4A8C2BC4D43300791F7B /* Recipe.swift in Sources */,
				CE5C4A7E2BC4CBAA00791F7B /* RecipeMeApp.swift in Sources */,
				CE5CDC052BC6172000186930 /* AppColor.swift in Sources */,
			);
			runOnlyForDeploymentPostprocessing = 0;
		};
/* End PBXSourcesBuildPhase section */

/* Begin XCBuildConfiguration section */
		CE5C4A862BC4CBAE00791F7B /* Debug */ = {
			isa = XCBuildConfiguration;
			buildSettings = {
				ALWAYS_SEARCH_USER_PATHS = NO;
				CLANG_ANALYZER_NONNULL = YES;
				CLANG_ANALYZER_NUMBER_OBJECT_CONVERSION = YES_AGGRESSIVE;
				CLANG_CXX_LANGUAGE_STANDARD = "gnu++20";
				CLANG_ENABLE_MODULES = YES;
				CLANG_ENABLE_OBJC_ARC = YES;
				CLANG_ENABLE_OBJC_WEAK = YES;
				CLANG_WARN_BLOCK_CAPTURE_AUTORELEASING = YES;
				CLANG_WARN_BOOL_CONVERSION = YES;
				CLANG_WARN_COMMA = YES;
				CLANG_WARN_CONSTANT_CONVERSION = YES;
				CLANG_WARN_DEPRECATED_OBJC_IMPLEMENTATIONS = YES;
				CLANG_WARN_DIRECT_OBJC_ISA_USAGE = YES_ERROR;
				CLANG_WARN_DOCUMENTATION_COMMENTS = YES;
				CLANG_WARN_EMPTY_BODY = YES;
				CLANG_WARN_ENUM_CONVERSION = YES;
				CLANG_WARN_INFINITE_RECURSION = YES;
				CLANG_WARN_INT_CONVERSION = YES;
				CLANG_WARN_NON_LITERAL_NULL_CONVERSION = YES;
				CLANG_WARN_OBJC_IMPLICIT_RETAIN_SELF = YES;
				CLANG_WARN_OBJC_LITERAL_CONVERSION = YES;
				CLANG_WARN_OBJC_ROOT_CLASS = YES_ERROR;
				CLANG_WARN_QUOTED_INCLUDE_IN_FRAMEWORK_HEADER = YES;
				CLANG_WARN_RANGE_LOOP_ANALYSIS = YES;
				CLANG_WARN_STRICT_PROTOTYPES = YES;
				CLANG_WARN_SUSPICIOUS_MOVE = YES;
				CLANG_WARN_UNGUARDED_AVAILABILITY = YES_AGGRESSIVE;
				CLANG_WARN_UNREACHABLE_CODE = YES;
				CLANG_WARN__DUPLICATE_METHOD_MATCH = YES;
				COPY_PHASE_STRIP = NO;
				DEBUG_INFORMATION_FORMAT = dwarf;
				ENABLE_STRICT_OBJC_MSGSEND = YES;
				ENABLE_TESTABILITY = YES;
				GCC_C_LANGUAGE_STANDARD = gnu11;
				GCC_DYNAMIC_NO_PIC = NO;
				GCC_NO_COMMON_BLOCKS = YES;
				GCC_OPTIMIZATION_LEVEL = 0;
				GCC_PREPROCESSOR_DEFINITIONS = (
					"DEBUG=1",
					"$(inherited)",
				);
				GCC_WARN_64_TO_32_BIT_CONVERSION = YES;
				GCC_WARN_ABOUT_RETURN_TYPE = YES_ERROR;
				GCC_WARN_UNDECLARED_SELECTOR = YES;
				GCC_WARN_UNINITIALIZED_AUTOS = YES_AGGRESSIVE;
				GCC_WARN_UNUSED_FUNCTION = YES;
				GCC_WARN_UNUSED_VARIABLE = YES;
				IPHONEOS_DEPLOYMENT_TARGET = 16.2;
				MTL_ENABLE_DEBUG_INFO = INCLUDE_SOURCE;
				MTL_FAST_MATH = YES;
				ONLY_ACTIVE_ARCH = YES;
				SDKROOT = iphoneos;
				SWIFT_ACTIVE_COMPILATION_CONDITIONS = DEBUG;
				SWIFT_OPTIMIZATION_LEVEL = "-Onone";
			};
			name = Debug;
		};
		CE5C4A872BC4CBAE00791F7B /* Release */ = {
			isa = XCBuildConfiguration;
			buildSettings = {
				ALWAYS_SEARCH_USER_PATHS = NO;
				CLANG_ANALYZER_NONNULL = YES;
				CLANG_ANALYZER_NUMBER_OBJECT_CONVERSION = YES_AGGRESSIVE;
				CLANG_CXX_LANGUAGE_STANDARD = "gnu++20";
				CLANG_ENABLE_MODULES = YES;
				CLANG_ENABLE_OBJC_ARC = YES;
				CLANG_ENABLE_OBJC_WEAK = YES;
				CLANG_WARN_BLOCK_CAPTURE_AUTORELEASING = YES;
				CLANG_WARN_BOOL_CONVERSION = YES;
				CLANG_WARN_COMMA = YES;
				CLANG_WARN_CONSTANT_CONVERSION = YES;
				CLANG_WARN_DEPRECATED_OBJC_IMPLEMENTATIONS = YES;
				CLANG_WARN_DIRECT_OBJC_ISA_USAGE = YES_ERROR;
				CLANG_WARN_DOCUMENTATION_COMMENTS = YES;
				CLANG_WARN_EMPTY_BODY = YES;
				CLANG_WARN_ENUM_CONVERSION = YES;
				CLANG_WARN_INFINITE_RECURSION = YES;
				CLANG_WARN_INT_CONVERSION = YES;
				CLANG_WARN_NON_LITERAL_NULL_CONVERSION = YES;
				CLANG_WARN_OBJC_IMPLICIT_RETAIN_SELF = YES;
				CLANG_WARN_OBJC_LITERAL_CONVERSION = YES;
				CLANG_WARN_OBJC_ROOT_CLASS = YES_ERROR;
				CLANG_WARN_QUOTED_INCLUDE_IN_FRAMEWORK_HEADER = YES;
				CLANG_WARN_RANGE_LOOP_ANALYSIS = YES;
				CLANG_WARN_STRICT_PROTOTYPES = YES;
				CLANG_WARN_SUSPICIOUS_MOVE = YES;
				CLANG_WARN_UNGUARDED_AVAILABILITY = YES_AGGRESSIVE;
				CLANG_WARN_UNREACHABLE_CODE = YES;
				CLANG_WARN__DUPLICATE_METHOD_MATCH = YES;
				COPY_PHASE_STRIP = NO;
				DEBUG_INFORMATION_FORMAT = "dwarf-with-dsym";
				ENABLE_NS_ASSERTIONS = NO;
				ENABLE_STRICT_OBJC_MSGSEND = YES;
				GCC_C_LANGUAGE_STANDARD = gnu11;
				GCC_NO_COMMON_BLOCKS = YES;
				GCC_WARN_64_TO_32_BIT_CONVERSION = YES;
				GCC_WARN_ABOUT_RETURN_TYPE = YES_ERROR;
				GCC_WARN_UNDECLARED_SELECTOR = YES;
				GCC_WARN_UNINITIALIZED_AUTOS = YES_AGGRESSIVE;
				GCC_WARN_UNUSED_FUNCTION = YES;
				GCC_WARN_UNUSED_VARIABLE = YES;
				IPHONEOS_DEPLOYMENT_TARGET = 16.2;
				MTL_ENABLE_DEBUG_INFO = NO;
				MTL_FAST_MATH = YES;
				SDKROOT = iphoneos;
				SWIFT_COMPILATION_MODE = wholemodule;
				SWIFT_OPTIMIZATION_LEVEL = "-O";
				VALIDATE_PRODUCT = YES;
			};
			name = Release;
		};
		CE5C4A892BC4CBAE00791F7B /* Debug */ = {
			isa = XCBuildConfiguration;
			buildSettings = {
				ASSETCATALOG_COMPILER_APPICON_NAME = AppIcon;
				ASSETCATALOG_COMPILER_GLOBAL_ACCENT_COLOR_NAME = AccentColor;
				CODE_SIGN_STYLE = Automatic;
				CURRENT_PROJECT_VERSION = 1;
				DEVELOPMENT_ASSET_PATHS = "\"RecipeMe/Preview Content\"";
				DEVELOPMENT_TEAM = 4RFBW7F5HY;
				ENABLE_PREVIEWS = YES;
				GENERATE_INFOPLIST_FILE = YES;
				INFOPLIST_KEY_UIApplicationSceneManifest_Generation = YES;
				INFOPLIST_KEY_UIApplicationSupportsIndirectInputEvents = YES;
				INFOPLIST_KEY_UILaunchScreen_Generation = YES;
				INFOPLIST_KEY_UISupportedInterfaceOrientations_iPad = "UIInterfaceOrientationPortrait UIInterfaceOrientationPortraitUpsideDown UIInterfaceOrientationLandscapeLeft UIInterfaceOrientationLandscapeRight";
				INFOPLIST_KEY_UISupportedInterfaceOrientations_iPhone = "UIInterfaceOrientationPortrait UIInterfaceOrientationLandscapeLeft UIInterfaceOrientationLandscapeRight";
				LD_RUNPATH_SEARCH_PATHS = (
					"$(inherited)",
					"@executable_path/Frameworks",
				);
				MARKETING_VERSION = 1.0;
				PRODUCT_BUNDLE_IDENTIFIER = sadev.RecipeMe;
				PRODUCT_NAME = "$(TARGET_NAME)";
				SWIFT_EMIT_LOC_STRINGS = YES;
				SWIFT_VERSION = 5.0;
				TARGETED_DEVICE_FAMILY = "1,2";
			};
			name = Debug;
		};
		CE5C4A8A2BC4CBAE00791F7B /* Release */ = {
			isa = XCBuildConfiguration;
			buildSettings = {
				ASSETCATALOG_COMPILER_APPICON_NAME = AppIcon;
				ASSETCATALOG_COMPILER_GLOBAL_ACCENT_COLOR_NAME = AccentColor;
				CODE_SIGN_STYLE = Automatic;
				CURRENT_PROJECT_VERSION = 1;
				DEVELOPMENT_ASSET_PATHS = "\"RecipeMe/Preview Content\"";
				DEVELOPMENT_TEAM = 4RFBW7F5HY;
				ENABLE_PREVIEWS = YES;
				GENERATE_INFOPLIST_FILE = YES;
				INFOPLIST_KEY_UIApplicationSceneManifest_Generation = YES;
				INFOPLIST_KEY_UIApplicationSupportsIndirectInputEvents = YES;
				INFOPLIST_KEY_UILaunchScreen_Generation = YES;
				INFOPLIST_KEY_UISupportedInterfaceOrientations_iPad = "UIInterfaceOrientationPortrait UIInterfaceOrientationPortraitUpsideDown UIInterfaceOrientationLandscapeLeft UIInterfaceOrientationLandscapeRight";
				INFOPLIST_KEY_UISupportedInterfaceOrientations_iPhone = "UIInterfaceOrientationPortrait UIInterfaceOrientationLandscapeLeft UIInterfaceOrientationLandscapeRight";
				LD_RUNPATH_SEARCH_PATHS = (
					"$(inherited)",
					"@executable_path/Frameworks",
				);
				MARKETING_VERSION = 1.0;
				PRODUCT_BUNDLE_IDENTIFIER = sadev.RecipeMe;
				PRODUCT_NAME = "$(TARGET_NAME)";
				SWIFT_EMIT_LOC_STRINGS = YES;
				SWIFT_VERSION = 5.0;
				TARGETED_DEVICE_FAMILY = "1,2";
			};
			name = Release;
		};
/* End XCBuildConfiguration section */

/* Begin XCConfigurationList section */
		CE5C4A752BC4CBAA00791F7B /* Build configuration list for PBXProject "RecipeMe" */ = {
			isa = XCConfigurationList;
			buildConfigurations = (
				CE5C4A862BC4CBAE00791F7B /* Debug */,
				CE5C4A872BC4CBAE00791F7B /* Release */,
			);
			defaultConfigurationIsVisible = 0;
			defaultConfigurationName = Release;
		};
		CE5C4A882BC4CBAE00791F7B /* Build configuration list for PBXNativeTarget "RecipeMe" */ = {
			isa = XCConfigurationList;
			buildConfigurations = (
				CE5C4A892BC4CBAE00791F7B /* Debug */,
				CE5C4A8A2BC4CBAE00791F7B /* Release */,
			);
			defaultConfigurationIsVisible = 0;
			defaultConfigurationName = Release;
		};
/* End XCConfigurationList section */
	};
	rootObject = CE5C4A722BC4CBAA00791F7B /* Project object */;
}
